
Microsoft Visual Studio Solution File, Format Version 12.00
# Visual Studio Version 16
VisualStudioVersion = 16.0.29009.5
MinimumVisualStudioVersion = 10.0.40219.1
Project("{FAE04EC0-301F-11D3-BF4B-00C04F79EFBC}") = "DnD_SoloPlayers", "DnD_SoloPlayers\DnD_SoloPlayers.csproj", "{08529AAA-B925-4692-BF90-7395A72A1A9A}"
EndProject
Global
	GlobalSection(SolutionConfigurationPlatforms) = preSolution
		Debug|Any CPU = Debug|Any CPU
		Release|Any CPU = Release|Any CPU
	EndGlobalSection
	GlobalSection(ProjectConfigurationPlatforms) = postSolution
		{08529AAA-B925-4692-BF90-7395A72A1A9A}.Debug|Any CPU.ActiveCfg = Debug|Any CPU
		{08529AAA-B925-4692-BF90-7395A72A1A9A}.Debug|Any CPU.Build.0 = Debug|Any CPU
		{08529AAA-B925-4692-BF90-7395A72A1A9A}.Release|Any CPU.ActiveCfg = Release|Any CPU
		{08529AAA-B925-4692-BF90-7395A72A1A9A}.Release|Any CPU.Build.0 = Release|Any CPU
	EndGlobalSection
	GlobalSection(SolutionProperties) = preSolution
		HideSolutionNode = FALSE
	EndGlobalSection
	GlobalSection(ExtensibilityGlobals) = postSolution
		SolutionGuid = {E492F986-651A-4E15-B4E4-488046D8BF6C}
	EndGlobalSection
EndGlobal
